// !$*UTF8*$!
{
	archiveVersion = 1;
	classes = {
	};
	objectVersion = 50;
	objects = {

/* Begin PBXBuildFile section */
		F7AFD413217801A1008CD7E7 /* AppDelegate.swift in Sources */ = {isa = PBXBuildFile; fileRef = F7AFD412217801A1008CD7E7 /* AppDelegate.swift */; };
		F7AFD415217801A1008CD7E7 /* ViewController.swift in Sources */ = {isa = PBXBuildFile; fileRef = F7AFD414217801A1008CD7E7 /* ViewController.swift */; };
		F7AFD418217801A1008CD7E7 /* Main.storyboard in Resources */ = {isa = PBXBuildFile; fileRef = F7AFD416217801A1008CD7E7 /* Main.storyboard */; };
		F7AFD41A217801A2008CD7E7 /* Assets.xcassets in Resources */ = {isa = PBXBuildFile; fileRef = F7AFD419217801A2008CD7E7 /* Assets.xcassets */; };
		F7AFD41D217801A2008CD7E7 /* LaunchScreen.storyboard in Resources */ = {isa = PBXBuildFile; fileRef = F7AFD41B217801A2008CD7E7 /* LaunchScreen.storyboard */; };
		F7AFD425217804A7008CD7E7 /* DetailedViewController.swift in Sources */ = {isa = PBXBuildFile; fileRef = F7AFD424217804A7008CD7E7 /* DetailedViewController.swift */; };
		F7AFD4272178083F008CD7E7 /* Info.swift in Sources */ = {isa = PBXBuildFile; fileRef = F7AFD4262178083F008CD7E7 /* Info.swift */; };
		F7AFD429217952AC008CD7E7 /* CustomCell.swift in Sources */ = {isa = PBXBuildFile; fileRef = F7AFD428217952AC008CD7E7 /* CustomCell.swift */; };
		F7AFD42B217976A2008CD7E7 /* FavoritesViewController.swift in Sources */ = {isa = PBXBuildFile; fileRef = F7AFD42A217976A1008CD7E7 /* FavoritesViewController.swift */; };
		F7AFD42F21798428008CD7E7 /* noimage.png in Resources */ = {isa = PBXBuildFile; fileRef = F7AFD42E21798428008CD7E7 /* noimage.png */; };
		F7AFD43121798E50008CD7E7 /* movies.db in Resources */ = {isa = PBXBuildFile; fileRef = F7AFD43021798E50008CD7E7 /* movies.db */; };
		F7AFD44021798F38008CD7E7 /* FMDatabaseAdditions.m in Sources */ = {isa = PBXBuildFile; fileRef = F7AFD43321798F37008CD7E7 /* FMDatabaseAdditions.m */; };
		F7AFD44121798F38008CD7E7 /* GoogleService-Info.plist in Resources */ = {isa = PBXBuildFile; fileRef = F7AFD43421798F37008CD7E7 /* GoogleService-Info.plist */; };
		F7AFD44221798F38008CD7E7 /* FMDatabase.m in Sources */ = {isa = PBXBuildFile; fileRef = F7AFD43621798F37008CD7E7 /* FMDatabase.m */; };
		F7AFD44321798F38008CD7E7 /* FMDatabaseQueue.m in Sources */ = {isa = PBXBuildFile; fileRef = F7AFD43721798F37008CD7E7 /* FMDatabaseQueue.m */; };
		F7AFD44421798F38008CD7E7 /* FMResultSet.m in Sources */ = {isa = PBXBuildFile; fileRef = F7AFD43B21798F38008CD7E7 /* FMResultSet.m */; };
		F7AFD44521798F38008CD7E7 /* FMDatabasePool.m in Sources */ = {isa = PBXBuildFile; fileRef = F7AFD43E21798F38008CD7E7 /* FMDatabasePool.m */; };
		F7AFD44821798FA5008CD7E7 /* libsqlite3.tbd in Frameworks */ = {isa = PBXBuildFile; fileRef = F7AFD44721798FA5008CD7E7 /* libsqlite3.tbd */; };
/* End PBXBuildFile section */

/* Begin PBXFileReference section */
		F7AFD40F217801A1008CD7E7 /* Lab 4 Again.app */ = {isa = PBXFileReference; explicitFileType = wrapper.application; includeInIndex = 0; path = "Lab 4 Again.app"; sourceTree = BUILT_PRODUCTS_DIR; };
		F7AFD412217801A1008CD7E7 /* AppDelegate.swift */ = {isa = PBXFileReference; lastKnownFileType = sourcecode.swift; path = AppDelegate.swift; sourceTree = "<group>"; };
		F7AFD414217801A1008CD7E7 /* ViewController.swift */ = {isa = PBXFileReference; lastKnownFileType = sourcecode.swift; path = ViewController.swift; sourceTree = "<group>"; };
		F7AFD417217801A1008CD7E7 /* Base */ = {isa = PBXFileReference; lastKnownFileType = file.storyboard; name = Base; path = Base.lproj/Main.storyboard; sourceTree = "<group>"; };
		F7AFD419217801A2008CD7E7 /* Assets.xcassets */ = {isa = PBXFileReference; lastKnownFileType = folder.assetcatalog; path = Assets.xcassets; sourceTree = "<group>"; };
		F7AFD41C217801A2008CD7E7 /* Base */ = {isa = PBXFileReference; lastKnownFileType = file.storyboard; name = Base; path = Base.lproj/LaunchScreen.storyboard; sourceTree = "<group>"; };
		F7AFD41E217801A2008CD7E7 /* Info.plist */ = {isa = PBXFileReference; lastKnownFileType = text.plist.xml; path = Info.plist; sourceTree = "<group>"; };
		F7AFD424217804A7008CD7E7 /* DetailedViewController.swift */ = {isa = PBXFileReference; lastKnownFileType = sourcecode.swift; path = DetailedViewController.swift; sourceTree = "<group>"; };
		F7AFD4262178083F008CD7E7 /* Info.swift */ = {isa = PBXFileReference; lastKnownFileType = sourcecode.swift; path = Info.swift; sourceTree = "<group>"; };
		F7AFD428217952AC008CD7E7 /* CustomCell.swift */ = {isa = PBXFileReference; lastKnownFileType = sourcecode.swift; path = CustomCell.swift; sourceTree = "<group>"; };
		F7AFD42A217976A1008CD7E7 /* FavoritesViewController.swift */ = {isa = PBXFileReference; lastKnownFileType = sourcecode.swift; path = FavoritesViewController.swift; sourceTree = "<group>"; };
		F7AFD42E21798428008CD7E7 /* noimage.png */ = {isa = PBXFileReference; lastKnownFileType = image.png; name = noimage.png; path = ../../../noimage.png; sourceTree = "<group>"; };
		F7AFD43021798E50008CD7E7 /* movies.db */ = {isa = PBXFileReference; lastKnownFileType = file; name = movies.db; path = ../../../movies.db; sourceTree = "<group>"; };
		F7AFD43221798F36008CD7E7 /* Lab 4 Again-Bridging-Header.h */ = {isa = PBXFileReference; lastKnownFileType = sourcecode.c.h; path = "Lab 4 Again-Bridging-Header.h"; sourceTree = "<group>"; };
		F7AFD43321798F37008CD7E7 /* FMDatabaseAdditions.m */ = {isa = PBXFileReference; fileEncoding = 4; lastKnownFileType = sourcecode.c.objc; name = FMDatabaseAdditions.m; path = ../../StorageDemo/StorageDemo/FMDatabaseAdditions.m; sourceTree = "<group>"; };
		F7AFD43421798F37008CD7E7 /* GoogleService-Info.plist */ = {isa = PBXFileReference; fileEncoding = 4; lastKnownFileType = text.plist.xml; name = "GoogleService-Info.plist"; path = "../../StorageDemo/StorageDemo/GoogleService-Info.plist"; sourceTree = "<group>"; };
		F7AFD43521798F37008CD7E7 /* FMDatabase.h */ = {isa = PBXFileReference; fileEncoding = 4; lastKnownFileType = sourcecode.c.h; name = FMDatabase.h; path = ../../StorageDemo/StorageDemo/FMDatabase.h; sourceTree = "<group>"; };
		F7AFD43621798F37008CD7E7 /* FMDatabase.m */ = {isa = PBXFileReference; fileEncoding = 4; lastKnownFileType = sourcecode.c.objc; name = FMDatabase.m; path = ../../StorageDemo/StorageDemo/FMDatabase.m; sourceTree = "<group>"; };
		F7AFD43721798F37008CD7E7 /* FMDatabaseQueue.m */ = {isa = PBXFileReference; fileEncoding = 4; lastKnownFileType = sourcecode.c.objc; name = FMDatabaseQueue.m; path = ../../StorageDemo/StorageDemo/FMDatabaseQueue.m; sourceTree = "<group>"; };
		F7AFD43821798F37008CD7E7 /* FMDatabasePool.h */ = {isa = PBXFileReference; fileEncoding = 4; lastKnownFileType = sourcecode.c.h; name = FMDatabasePool.h; path = ../../StorageDemo/StorageDemo/FMDatabasePool.h; sourceTree = "<group>"; };
		F7AFD43921798F37008CD7E7 /* FMDatabaseQueue.h */ = {isa = PBXFileReference; fileEncoding = 4; lastKnownFileType = sourcecode.c.h; name = FMDatabaseQueue.h; path = ../../StorageDemo/StorageDemo/FMDatabaseQueue.h; sourceTree = "<group>"; };
		F7AFD43A21798F38008CD7E7 /* FMDatabaseAdditions.h */ = {isa = PBXFileReference; fileEncoding = 4; lastKnownFileType = sourcecode.c.h; name = FMDatabaseAdditions.h; path = ../../StorageDemo/StorageDemo/FMDatabaseAdditions.h; sourceTree = "<group>"; };
		F7AFD43B21798F38008CD7E7 /* FMResultSet.m */ = {isa = PBXFileReference; fileEncoding = 4; lastKnownFileType = sourcecode.c.objc; name = FMResultSet.m; path = ../../StorageDemo/StorageDemo/FMResultSet.m; sourceTree = "<group>"; };
		F7AFD43C21798F38008CD7E7 /* FMDB.h */ = {isa = PBXFileReference; fileEncoding = 4; lastKnownFileType = sourcecode.c.h; name = FMDB.h; path = ../../StorageDemo/StorageDemo/FMDB.h; sourceTree = "<group>"; };
		F7AFD43E21798F38008CD7E7 /* FMDatabasePool.m */ = {isa = PBXFileReference; fileEncoding = 4; lastKnownFileType = sourcecode.c.objc; name = FMDatabasePool.m; path = ../../StorageDemo/StorageDemo/FMDatabasePool.m; sourceTree = "<group>"; };
		F7AFD43F21798F38008CD7E7 /* FMResultSet.h */ = {isa = PBXFileReference; fileEncoding = 4; lastKnownFileType = sourcecode.c.h; name = FMResultSet.h; path = ../../StorageDemo/StorageDemo/FMResultSet.h; sourceTree = "<group>"; };
		F7AFD44721798FA5008CD7E7 /* libsqlite3.tbd */ = {isa = PBXFileReference; lastKnownFileType = "sourcecode.text-based-dylib-definition"; name = libsqlite3.tbd; path = usr/lib/libsqlite3.tbd; sourceTree = SDKROOT; };
/* End PBXFileReference section */

/* Begin PBXFrameworksBuildPhase section */
		F7AFD40C217801A1008CD7E7 /* Frameworks */ = {
			isa = PBXFrameworksBuildPhase;
			buildActionMask = 2147483647;
			files = (
				F7AFD44821798FA5008CD7E7 /* libsqlite3.tbd in Frameworks */,
			);
			runOnlyForDeploymentPostprocessing = 0;
		};
/* End PBXFrameworksBuildPhase section */

/* Begin PBXGroup section */
		F7AFD406217801A1008CD7E7 = {
			isa = PBXGroup;
			children = (
				F7AFD411217801A1008CD7E7 /* Lab 4 Again */,
				F7AFD410217801A1008CD7E7 /* Products */,
				F7AFD44621798FA5008CD7E7 /* Frameworks */,
			);
			sourceTree = "<group>";
		};
		F7AFD410217801A1008CD7E7 /* Products */ = {
			isa = PBXGroup;
			children = (
				F7AFD40F217801A1008CD7E7 /* Lab 4 Again.app */,
			);
			name = Products;
			sourceTree = "<group>";
		};
		F7AFD411217801A1008CD7E7 /* Lab 4 Again */ = {
			isa = PBXGroup;
			children = (
				F7AFD412217801A1008CD7E7 /* AppDelegate.swift */,
				F7AFD414217801A1008CD7E7 /* ViewController.swift */,
				F7AFD428217952AC008CD7E7 /* CustomCell.swift */,
				F7AFD4262178083F008CD7E7 /* Info.swift */,
				F7AFD416217801A1008CD7E7 /* Main.storyboard */,
				F7AFD42A217976A1008CD7E7 /* FavoritesViewController.swift */,
				F7AFD424217804A7008CD7E7 /* DetailedViewController.swift */,
				F7AFD419217801A2008CD7E7 /* Assets.xcassets */,
				F7AFD42E21798428008CD7E7 /* noimage.png */,
				F7AFD41B217801A2008CD7E7 /* LaunchScreen.storyboard */,
				F7AFD41E217801A2008CD7E7 /* Info.plist */,
				F7AFD43021798E50008CD7E7 /* movies.db */,
				F7AFD43521798F37008CD7E7 /* FMDatabase.h */,
				F7AFD43621798F37008CD7E7 /* FMDatabase.m */,
				F7AFD43A21798F38008CD7E7 /* FMDatabaseAdditions.h */,
				F7AFD43321798F37008CD7E7 /* FMDatabaseAdditions.m */,
				F7AFD43821798F37008CD7E7 /* FMDatabasePool.h */,
				F7AFD43E21798F38008CD7E7 /* FMDatabasePool.m */,
				F7AFD43921798F37008CD7E7 /* FMDatabaseQueue.h */,
				F7AFD43721798F37008CD7E7 /* FMDatabaseQueue.m */,
				F7AFD43C21798F38008CD7E7 /* FMDB.h */,
				F7AFD43F21798F38008CD7E7 /* FMResultSet.h */,
				F7AFD43B21798F38008CD7E7 /* FMResultSet.m */,
				F7AFD43421798F37008CD7E7 /* GoogleService-Info.plist */,
				F7AFD43221798F36008CD7E7 /* Lab 4 Again-Bridging-Header.h */,
			);
			path = "Lab 4 Again";
			sourceTree = "<group>";
		};
		F7AFD44621798FA5008CD7E7 /* Frameworks */ = {
			isa = PBXGroup;
			children = (
				F7AFD44721798FA5008CD7E7 /* libsqlite3.tbd */,
			);
			name = Frameworks;
			sourceTree = "<group>";
		};
/* End PBXGroup section */

/* Begin PBXNativeTarget section */
		F7AFD40E217801A1008CD7E7 /* Lab 4 Again */ = {
			isa = PBXNativeTarget;
			buildConfigurationList = F7AFD421217801A2008CD7E7 /* Build configuration list for PBXNativeTarget "Lab 4 Again" */;
			buildPhases = (
				F7AFD40B217801A1008CD7E7 /* Sources */,
				F7AFD40C217801A1008CD7E7 /* Frameworks */,
				F7AFD40D217801A1008CD7E7 /* Resources */,
			);
			buildRules = (
			);
			dependencies = (
			);
			name = "Lab 4 Again";
			productName = "Lab 4 Again";
			productReference = F7AFD40F217801A1008CD7E7 /* Lab 4 Again.app */;
			productType = "com.apple.product-type.application";
		};
/* End PBXNativeTarget section */

/* Begin PBXProject section */
		F7AFD407217801A1008CD7E7 /* Project object */ = {
			isa = PBXProject;
			attributes = {
				LastSwiftUpdateCheck = 0940;
				LastUpgradeCheck = 0940;
				ORGANIZATIONNAME = "Justin Stares";
				TargetAttributes = {
					F7AFD40E217801A1008CD7E7 = {
						CreatedOnToolsVersion = 9.4;
						LastSwiftMigration = 0940;
					};
				};
			};
			buildConfigurationList = F7AFD40A217801A1008CD7E7 /* Build configuration list for PBXProject "Lab 4 Again" */;
			compatibilityVersion = "Xcode 9.3";
			developmentRegion = en;
			hasScannedForEncodings = 0;
			knownRegions = (
				en,
				Base,
			);
			mainGroup = F7AFD406217801A1008CD7E7;
			productRefGroup = F7AFD410217801A1008CD7E7 /* Products */;
			projectDirPath = "";
			projectRoot = "";
			targets = (
				F7AFD40E217801A1008CD7E7 /* Lab 4 Again */,
			);
		};
/* End PBXProject section */

/* Begin PBXResourcesBuildPhase section */
		F7AFD40D217801A1008CD7E7 /* Resources */ = {
			isa = PBXResourcesBuildPhase;
			buildActionMask = 2147483647;
			files = (
				F7AFD43121798E50008CD7E7 /* movies.db in Resources */,
				F7AFD41D217801A2008CD7E7 /* LaunchScreen.storyboard in Resources */,
				F7AFD41A217801A2008CD7E7 /* Assets.xcassets in Resources */,
				F7AFD42F21798428008CD7E7 /* noimage.png in Resources */,
				F7AFD418217801A1008CD7E7 /* Main.storyboard in Resources */,
				F7AFD44121798F38008CD7E7 /* GoogleService-Info.plist in Resources */,
			);
			runOnlyForDeploymentPostprocessing = 0;
		};
/* End PBXResourcesBuildPhase section */

/* Begin PBXSourcesBuildPhase section */
		F7AFD40B217801A1008CD7E7 /* Sources */ = {
			isa = PBXSourcesBuildPhase;
			buildActionMask = 2147483647;
			files = (
				F7AFD415217801A1008CD7E7 /* ViewController.swift in Sources */,
				F7AFD4272178083F008CD7E7 /* Info.swift in Sources */,
				F7AFD429217952AC008CD7E7 /* CustomCell.swift in Sources */,
				F7AFD413217801A1008CD7E7 /* AppDelegate.swift in Sources */,
				F7AFD44421798F38008CD7E7 /* FMResultSet.m in Sources */,
				F7AFD44521798F38008CD7E7 /* FMDatabasePool.m in Sources */,
				F7AFD42B217976A2008CD7E7 /* FavoritesViewController.swift in Sources */,
				F7AFD44021798F38008CD7E7 /* FMDatabaseAdditions.m in Sources */,
				F7AFD425217804A7008CD7E7 /* DetailedViewController.swift in Sources */,
				F7AFD44221798F38008CD7E7 /* FMDatabase.m in Sources */,
				F7AFD44321798F38008CD7E7 /* FMDatabaseQueue.m in Sources */,
			);
			runOnlyForDeploymentPostprocessing = 0;
		};
/* End PBXSourcesBuildPhase section */

/* Begin PBXVariantGroup section */
		F7AFD416217801A1008CD7E7 /* Main.storyboard */ = {
			isa = PBXVariantGroup;
			children = (
				F7AFD417217801A1008CD7E7 /* Base */,
			);
			name = Main.storyboard;
			sourceTree = "<group>";
		};
		F7AFD41B217801A2008CD7E7 /* LaunchScreen.storyboard */ = {
			isa = PBXVariantGroup;
			children = (
				F7AFD41C217801A2008CD7E7 /* Base */,
			);
			name = LaunchScreen.storyboard;
			sourceTree = "<group>";
		};
/* End PBXVariantGroup section */

/* Begin XCBuildConfiguration section */
		F7AFD41F217801A2008CD7E7 /* Debug */ = {
			isa = XCBuildConfiguration;
			buildSettings = {
				ALWAYS_SEARCH_USER_PATHS = NO;
				CLANG_ANALYZER_NONNULL = YES;
				CLANG_ANALYZER_NUMBER_OBJECT_CONVERSION = YES_AGGRESSIVE;
				CLANG_CXX_LANGUAGE_STANDARD = "gnu++14";
				CLANG_CXX_LIBRARY = "libc++";
				CLANG_ENABLE_MODULES = YES;
				CLANG_ENABLE_OBJC_ARC = YES;
				CLANG_ENABLE_OBJC_WEAK = YES;
				CLANG_WARN_BLOCK_CAPTURE_AUTORELEASING = YES;
				CLANG_WARN_BOOL_CONVERSION = YES;
				CLANG_WARN_COMMA = YES;
				CLANG_WARN_CONSTANT_CONVERSION = YES;
				CLANG_WARN_DEPRECATED_OBJC_IMPLEMENTATIONS = YES;
				CLANG_WARN_DIRECT_OBJC_ISA_USAGE = YES_ERROR;
				CLANG_WARN_DOCUMENTATION_COMMENTS = YES;
				CLANG_WARN_EMPTY_BODY = YES;
				CLANG_WARN_ENUM_CONVERSION = YES;
				CLANG_WARN_INFINITE_RECURSION = YES;
				CLANG_WARN_INT_CONVERSION = YES;
				CLANG_WARN_NON_LITERAL_NULL_CONVERSION = YES;
				CLANG_WARN_OBJC_IMPLICIT_RETAIN_SELF = YES;
				CLANG_WARN_OBJC_LITERAL_CONVERSION = YES;
				CLANG_WARN_OBJC_ROOT_CLASS = YES_ERROR;
				CLANG_WARN_RANGE_LOOP_ANALYSIS = YES;
				CLANG_WARN_STRICT_PROTOTYPES = YES;
				CLANG_WARN_SUSPICIOUS_MOVE = YES;
				CLANG_WARN_UNGUARDED_AVAILABILITY = YES_AGGRESSIVE;
				CLANG_WARN_UNREACHABLE_CODE = YES;
				CLANG_WARN__DUPLICATE_METHOD_MATCH = YES;
				CODE_SIGN_IDENTITY = "iPhone Developer";
				COPY_PHASE_STRIP = NO;
				DEBUG_INFORMATION_FORMAT = dwarf;
				ENABLE_STRICT_OBJC_MSGSEND = YES;
				ENABLE_TESTABILITY = YES;
				GCC_C_LANGUAGE_STANDARD = gnu11;
				GCC_DYNAMIC_NO_PIC = NO;
				GCC_NO_COMMON_BLOCKS = YES;
				GCC_OPTIMIZATION_LEVEL = 0;
				GCC_PREPROCESSOR_DEFINITIONS = (
					"DEBUG=1",
					"$(inherited)",
				);
				GCC_WARN_64_TO_32_BIT_CONVERSION = YES;
				GCC_WARN_ABOUT_RETURN_TYPE = YES_ERROR;
				GCC_WARN_UNDECLARED_SELECTOR = YES;
				GCC_WARN_UNINITIALIZED_AUTOS = YES_AGGRESSIVE;
				GCC_WARN_UNUSED_FUNCTION = YES;
				GCC_WARN_UNUSED_VARIABLE = YES;
				IPHONEOS_DEPLOYMENT_TARGET = 11.4;
				MTL_ENABLE_DEBUG_INFO = YES;
				ONLY_ACTIVE_ARCH = YES;
				SDKROOT = iphoneos;
				SWIFT_ACTIVE_COMPILATION_CONDITIONS = DEBUG;
				SWIFT_OPTIMIZATION_LEVEL = "-Onone";
			};
			name = Debug;
		};
		F7AFD420217801A2008CD7E7 /* Release */ = {
			isa = XCBuildConfiguration;
			buildSettings = {
				ALWAYS_SEARCH_USER_PATHS = NO;
				CLANG_ANALYZER_NONNULL = YES;
				CLANG_ANALYZER_NUMBER_OBJECT_CONVERSION = YES_AGGRESSIVE;
				CLANG_CXX_LANGUAGE_STANDARD = "gnu++14";
				CLANG_CXX_LIBRARY = "libc++";
				CLANG_ENABLE_MODULES = YES;
				CLANG_ENABLE_OBJC_ARC = YES;
				CLANG_ENABLE_OBJC_WEAK = YES;
				CLANG_WARN_BLOCK_CAPTURE_AUTORELEASING = YES;
				CLANG_WARN_BOOL_CONVERSION = YES;
				CLANG_WARN_COMMA = YES;
				CLANG_WARN_CONSTANT_CONVERSION = YES;
				CLANG_WARN_DEPRECATED_OBJC_IMPLEMENTATIONS = YES;
				CLANG_WARN_DIRECT_OBJC_ISA_USAGE = YES_ERROR;
				CLANG_WARN_DOCUMENTATION_COMMENTS = YES;
				CLANG_WARN_EMPTY_BODY = YES;
				CLANG_WARN_ENUM_CONVERSION = YES;
				CLANG_WARN_INFINITE_RECURSION = YES;
				CLANG_WARN_INT_CONVERSION = YES;
				CLANG_WARN_NON_LITERAL_NULL_CONVERSION = YES;
				CLANG_WARN_OBJC_IMPLICIT_RETAIN_SELF = YES;
				CLANG_WARN_OBJC_LITERAL_CONVERSION = YES;
				CLANG_WARN_OBJC_ROOT_CLASS = YES_ERROR;
				CLANG_WARN_RANGE_LOOP_ANALYSIS = YES;
				CLANG_WARN_STRICT_PROTOTYPES = YES;
				CLANG_WARN_SUSPICIOUS_MOVE = YES;
				CLANG_WARN_UNGUARDED_AVAILABILITY = YES_AGGRESSIVE;
				CLANG_WARN_UNREACHABLE_CODE = YES;
				CLANG_WARN__DUPLICATE_METHOD_MATCH = YES;
				CODE_SIGN_IDENTITY = "iPhone Developer";
				COPY_PHASE_STRIP = NO;
				DEBUG_INFORMATION_FORMAT = "dwarf-with-dsym";
				ENABLE_NS_ASSERTIONS = NO;
				ENABLE_STRICT_OBJC_MSGSEND = YES;
				GCC_C_LANGUAGE_STANDARD = gnu11;
				GCC_NO_COMMON_BLOCKS = YES;
				GCC_WARN_64_TO_32_BIT_CONVERSION = YES;
				GCC_WARN_ABOUT_RETURN_TYPE = YES_ERROR;
				GCC_WARN_UNDECLARED_SELECTOR = YES;
				GCC_WARN_UNINITIALIZED_AUTOS = YES_AGGRESSIVE;
				GCC_WARN_UNUSED_FUNCTION = YES;
				GCC_WARN_UNUSED_VARIABLE = YES;
				IPHONEOS_DEPLOYMENT_TARGET = 11.4;
				MTL_ENABLE_DEBUG_INFO = NO;
				SDKROOT = iphoneos;
				SWIFT_COMPILATION_MODE = wholemodule;
				SWIFT_OPTIMIZATION_LEVEL = "-O";
				VALIDATE_PRODUCT = YES;
			};
			name = Release;
		};
		F7AFD422217801A2008CD7E7 /* Debug */ = {
			isa = XCBuildConfiguration;
			buildSettings = {
				ASSETCATALOG_COMPILER_APPICON_NAME = AppIcon;
				CLANG_ENABLE_MODULES = YES;
				CODE_SIGN_STYLE = Automatic;
				INFOPLIST_FILE = "Lab 4 Again/Info.plist";
				LD_RUNPATH_SEARCH_PATHS = (
					"$(inherited)",
					"@executable_path/Frameworks",
				);
				PRODUCT_BUNDLE_IDENTIFIER = "JS.Lab-4-Again";
				PRODUCT_NAME = "$(TARGET_NAME)";
				SWIFT_OBJC_BRIDGING_HEADER = "Lab 4 Again/Lab 4 Again-Bridging-Header.h";
				SWIFT_OPTIMIZATION_LEVEL = "-Onone";
				SWIFT_VERSION = 4.0;
				TARGETED_DEVICE_FAMILY = "1,2";
			};
			name = Debug;
		};
		F7AFD423217801A2008CD7E7 /* Release */ = {
			isa = XCBuildConfiguration;
			buildSettings = {
				ASSETCATALOG_COMPILER_APPICON_NAME = AppIcon;
				CLANG_ENABLE_MODULES = YES;
				CODE_SIGN_STYLE = Automatic;
				INFOPLIST_FILE = "Lab 4 Again/Info.plist";
				LD_RUNPATH_SEARCH_PATHS = (
					"$(inherited)",
					"@executable_path/Frameworks",
				);
				PRODUCT_BUNDLE_IDENTIFIER = "JS.Lab-4-Again";
				PRODUCT_NAME = "$(TARGET_NAME)";
				SWIFT_OBJC_BRIDGING_HEADER = "Lab 4 Again/Lab 4 Again-Bridging-Header.h";
				SWIFT_VERSION = 4.0;
				TARGETED_DEVICE_FAMILY = "1,2";
			};
			name = Release;
		};
/* End XCBuildConfiguration section */

/* Begin XCConfigurationList section */
		F7AFD40A217801A1008CD7E7 /* Build configuration list for PBXProject "Lab 4 Again" */ = {
			isa = XCConfigurationList;
			buildConfigurations = (
				F7AFD41F217801A2008CD7E7 /* Debug */,
				F7AFD420217801A2008CD7E7 /* Release */,
			);
			defaultConfigurationIsVisible = 0;
			defaultConfigurationName = Release;
		};
		F7AFD421217801A2008CD7E7 /* Build configuration list for PBXNativeTarget "Lab 4 Again" */ = {
			isa = XCConfigurationList;
			buildConfigurations = (
				F7AFD422217801A2008CD7E7 /* Debug */,
				F7AFD423217801A2008CD7E7 /* Release */,
			);
			defaultConfigurationIsVisible = 0;
			defaultConfigurationName = Release;
		};
/* End XCConfigurationList section */
	};
	rootObject = F7AFD407217801A1008CD7E7 /* Project object */;
}
